{
    "requires": true,
    "lockfileVersion": 1,
    "dependencies": {
        "follow-redirects": {
            "version": "1.14.7",
            "resolved": "https://registry.npmjs.org/follow-redirects/-/follow-redirects-1.14.7.tgz",
            "integrity": "sha512-+hbxoLbFMbRKDwohX8GkTataGqO6Jb7jGwpAlwgy2bIz25XtRm7KEzJM76R1WiNT5SwZkX4Y75SwBolkpmE7iQ=="
        },
        "mocha": {
            "version": "3.5.3",
            "resolved": "https://registry.npmjs.org/mocha/-/mocha-3.5.3.tgz",
            "integrity": "sha512-/6na001MJWEtYxHOV1WLfsmR4YIynkUEhBwzsb+fk2qmQ3iqsi258l/Q2MWHJMImAcNpZ8DEdYAK72NHoIQ9Eg==",
            "dependencies": {
                "debug": {
                    "version": "2.6.8",
                    "resolved": "https://registry.npmjs.org/debug/-/debug-2.6.8.tgz",
                    "integrity": "sha1-5zFTHKLt4n0YgiJCfaF4IdaP9Pw="
                }
            }
        }
    }
}
